
Microsoft Visual Studio Solution File, Format Version 12.00
# Visual Studio 15
VisualStudioVersion = 15.0.27004.2009
MinimumVisualStudioVersion = 10.0.40219.1
Project("{FAE04EC0-301F-11D3-BF4B-00C04F79EFBC}") = "Beam_Project", "Beam_Project\Beam_Project.csproj", "{BFDC88F8-08E4-4239-8BE8-67E39BA4E8BF}"
EndProject
Global
	GlobalSection(SolutionConfigurationPlatforms) = preSolution
		Debug|Any CPU = Debug|Any CPU
		Release|Any CPU = Release|Any CPU
	EndGlobalSection
	GlobalSection(ProjectConfigurationPlatforms) = postSolution
		{BFDC88F8-08E4-4239-8BE8-67E39BA4E8BF}.Debug|Any CPU.ActiveCfg = Debug|Any CPU
		{BFDC88F8-08E4-4239-8BE8-67E39BA4E8BF}.Debug|Any CPU.Build.0 = Debug|Any CPU
		{BFDC88F8-08E4-4239-8BE8-67E39BA4E8BF}.Release|Any CPU.ActiveCfg = Release|Any CPU
		{BFDC88F8-08E4-4239-8BE8-67E39BA4E8BF}.Release|Any CPU.Build.0 = Release|Any CPU
	EndGlobalSection
	GlobalSection(SolutionProperties) = preSolution
		HideSolutionNode = FALSE
	EndGlobalSection
	GlobalSection(ExtensibilityGlobals) = postSolution
		SolutionGuid = {17DA7B3C-E72A-4D69-862F-30971CA189D3}
	EndGlobalSection
EndGlobal
